
Microsoft Visual Studio Solution File, Format Version 12.00
# Visual Studio Version 16
VisualStudioVersion = 16.0.29306.81
MinimumVisualStudioVersion = 10.0.40219.1
Project("{FAE04EC0-301F-11D3-BF4B-00C04F79EFBC}") = "Calculator", "Calculator\Calculator.csproj", "{7E1E714E-58F1-473D-9D8A-7BE5F7CDF907}"
EndProject
Global
	GlobalSection(SolutionConfigurationPlatforms) = preSolution
		Debug|Any CPU = Debug|Any CPU
		Release|Any CPU = Release|Any CPU
	EndGlobalSection
	GlobalSection(ProjectConfigurationPlatforms) = postSolution
		{7E1E714E-58F1-473D-9D8A-7BE5F7CDF907}.Debug|Any CPU.ActiveCfg = Debug|Any CPU
		{7E1E714E-58F1-473D-9D8A-7BE5F7CDF907}.Debug|Any CPU.Build.0 = Debug|Any CPU
		{7E1E714E-58F1-473D-9D8A-7BE5F7CDF907}.Release|Any CPU.ActiveCfg = Release|Any CPU
		{7E1E714E-58F1-473D-9D8A-7BE5F7CDF907}.Release|Any CPU.Build.0 = Release|Any CPU
	EndGlobalSection
	GlobalSection(SolutionProperties) = preSolution
		HideSolutionNode = FALSE
	EndGlobalSection
	GlobalSection(ExtensibilityGlobals) = postSolution
		SolutionGuid = {8694CDEF-BFCD-4B86-9770-94E7736417CE}
	EndGlobalSection
EndGlobal
